
Microsoft Visual Studio Solution File, Format Version 12.00
# Visual Studio Version 17
VisualStudioVersion = 17.9.34723.18
MinimumVisualStudioVersion = 10.0.40219.1
Project("{2150E333-8FDC-42A3-9474-1A3956D46DE8}") = "Infrastructure", "Infrastructure", "{504BA8B3-68CC-41F8-A80A-C7C4C484D746}"
EndProject
Project("{9A19103F-16F7-4668-BE54-9A1E7A4F7556}") = "WonderCircuits.Mvvm", "WonderCircuits.Mvvm\WonderCircuits.Mvvm.csproj", "{1B4ECCEB-AA71-4523-BDEC-A040FD819C94}"
EndProject
Project("{9A19103F-16F7-4668-BE54-9A1E7A4F7556}") = "WonderCircuits.UnitOf", "WonderCircuits.UnitOf\WonderCircuits.UnitOf.csproj", "{49A831C3-5AB1-45EC-BF05-3CE019EC6DBA}"
EndProject
Project("{9A19103F-16F7-4668-BE54-9A1E7A4F7556}") = "WonderCircuits.DependencyInjection", "WonderCircuits.DependencyInjection\WonderCircuits.DependencyInjection.csproj", "{ABB4DC46-D2CE-4137-A29E-F1C7FD0EF7C3}"
EndProject
Project("{9A19103F-16F7-4668-BE54-9A1E7A4F7556}") = "WonderCircuits.Logging", "WonderCircuits.Logging\WonderCircuits.Logging.csproj", "{BBEBE6B8-D47E-4A3A-A5A5-68D05BF88838}"
EndProject
Project("{9A19103F-16F7-4668-BE54-9A1E7A4F7556}") = "WonderCircuits.Hosting", "WonderCircuits.Hosting\WonderCircuits.Hosting.csproj", "{195EFED6-96C7-453F-8895-28878BC77293}"
EndProject
Project("{9A19103F-16F7-4668-BE54-9A1E7A4F7556}") = "WonderCircuits.UI.Wpf", "WonderCircuits.UI.Wpf\WonderCircuits.UI.Wpf.csproj", "{690CA2F6-711F-400D-BE05-5CA16734F22B}"
EndProject
Project("{9A19103F-16F7-4668-BE54-9A1E7A4F7556}") = "WonderCircuits.EntityFrameworkCore", "WonderCircuits.EntityFrameworkCore\WonderCircuits.EntityFrameworkCore.csproj", "{5A2F4EBC-8F86-41F6-82EA-B5E2F3D8F510}"
EndProject
Project("{9A19103F-16F7-4668-BE54-9A1E7A4F7556}") = "WonderCircuits.EntityFrameworkCore.Oracle", "WonderCircuits.EntityFrameworkCore.Oracle\WonderCircuits.EntityFrameworkCore.Oracle.csproj", "{4D09E481-D87C-40AC-BE93-DA5708D3DA12}"
EndProject
Project("{9A19103F-16F7-4668-BE54-9A1E7A4F7556}") = "WonderCircuits.Data", "WonderCircuits.Data\WonderCircuits.Data.csproj", "{1978EBC5-B041-4FFB-BFD6-B1A6D017E51B}"
EndProject
Project("{9A19103F-16F7-4668-BE54-9A1E7A4F7556}") = "WonderCircuits.Data.Oracle", "WonderCircuits.Data.Oracle\WonderCircuits.Data.Oracle.csproj", "{0AC7FF55-0D65-4C43-B031-0C79B1472525}"
EndProject
Project("{9A19103F-16F7-4668-BE54-9A1E7A4F7556}") = "WonderCircuits.Data.SqlServer", "WonderCircuits.Data.SqlServer\WonderCircuits.Data.SqlServer.csproj", "{25C68DA7-8870-4940-A408-967914297435}"
EndProject
Project("{9A19103F-16F7-4668-BE54-9A1E7A4F7556}") = "WonderCircuits.Data.MySql", "WonderCircuits.Data.MySql\WonderCircuits.Data.MySql.csproj", "{586AC71C-2213-448E-AEAE-1CDD042149E0}"
EndProject
Project("{9A19103F-16F7-4668-BE54-9A1E7A4F7556}") = "WonderCircuits.EntityFrameworkCore.SqlServer", "WonderCircuits.EntityFrameworkCore.SqlServer\WonderCircuits.EntityFrameworkCore.SqlServer.csproj", "{D21F72DD-7166-49BD-BA5A-D07C0DDBCBE0}"
EndProject
Project("{9A19103F-16F7-4668-BE54-9A1E7A4F7556}") = "WonderCircuits.Text", "WonderCircuits.Text\WonderCircuits.Text.csproj", "{9B13B259-409C-4874-9364-77CD742FD8D7}"
EndProject
Project("{9A19103F-16F7-4668-BE54-9A1E7A4F7556}") = "WonderCircuits.Text.Csv", "WonderCircuits.Text.Csv\WonderCircuits.Text.Csv.csproj", "{C2C28102-33A1-46AB-8C02-002AA78EC03C}"
EndProject
Project("{9A19103F-16F7-4668-BE54-9A1E7A4F7556}") = "WonderCircuits.Text.Json", "WonderCircuits.Text.Json\WonderCircuits.Text.Json.csproj", "{197096DF-C2A5-45F2-94BB-38AD4835BA2C}"
EndProject
Project("{9A19103F-16F7-4668-BE54-9A1E7A4F7556}") = "WonderCircuits.EntityFrameworkCore.MySql", "WonderCircuits.EntityFrameworkCore.MySql\WonderCircuits.EntityFrameworkCore.MySql.csproj", "{961F78CC-FAA7-4608-95FA-F90653E16558}"
EndProject
Project("{9A19103F-16F7-4668-BE54-9A1E7A4F7556}") = "WonderCircuits.Ddd.Domain", "WonderCircuits.Ddd.Domain\WonderCircuits.Ddd.Domain.csproj", "{FE1BD773-144F-4E7D-80CF-FF4E3754FC37}"
EndProject
Project("{9A19103F-16F7-4668-BE54-9A1E7A4F7556}") = "WonderCircuits.Ddd.Application", "WonderCircuits.Ddd.Application\WonderCircuits.Ddd.Application.csproj", "{4D1479BB-1F5E-431A-BD6E-7E5582954C81}"
EndProject
Project("{9A19103F-16F7-4668-BE54-9A1E7A4F7556}") = "WonderCircuits.Devexpress.Wpf", "WonderCircuits.Devexpress.Wpf\WonderCircuits.Devexpress.Wpf.csproj", "{EA7EBE9E-64B3-4E10-95D2-F2D1D529B1C8}"
EndProject
Project("{9A19103F-16F7-4668-BE54-9A1E7A4F7556}") = "WonderCircuits.ObjectModel", "WonderCircuits.ObjectModel\WonderCircuits.ObjectModel.csproj", "{42D5A7DB-F2CA-417A-B64B-0DF86ED4934D}"
EndProject
Project("{2150E333-8FDC-42A3-9474-1A3956D46DE8}") = "Domain", "Domain", "{EA3E1025-0696-430C-A7A3-3C5782233DA0}"
EndProject
Project("{9A19103F-16F7-4668-BE54-9A1E7A4F7556}") = "WonderCircuits.VersionControl", "WonderCircuits.VersionControl\WonderCircuits.VersionControl.csproj", "{49EB48BE-4B98-4282-8FE3-4812455DA2A2}"
EndProject
Project("{FAE04EC0-301F-11D3-BF4B-00C04F79EFBC}") = "WonderCircuits.Security", "WonderCircuits.Security\WonderCircuits.Security.csproj", "{516F32A9-63D1-4B9D-B2BD-17CF41251BE4}"
EndProject
Project("{FAE04EC0-301F-11D3-BF4B-00C04F79EFBC}") = "WonderCircuits.Customers.Domain", "WonderCircuits.Customers.Domain\WonderCircuits.Customers.Domain.csproj", "{F76BDB01-61E9-4913-8DEB-DF657F220C62}"
EndProject
Project("{FAE04EC0-301F-11D3-BF4B-00C04F79EFBC}") = "WonderCircuits.Operators.Domain", "WonderCircuits.Operators.Domain\WonderCircuits.Operators.Domain.csproj", "{DD806051-ECB8-41DC-94ED-F6C1562C774F}"
EndProject
Project("{2150E333-8FDC-42A3-9474-1A3956D46DE8}") = "General", "General", "{F34EC854-429C-4B90-9759-4E8908A0D563}"
EndProject
Project("{FAE04EC0-301F-11D3-BF4B-00C04F79EFBC}") = "WonderCircuits.Materials.Domain", "WonderCircuits.Materials.Domain\WonderCircuits.Materials.Domain.csproj", "{3415D810-DF93-4414-87A9-5934408C8433}"
EndProject
Project("{2150E333-8FDC-42A3-9474-1A3956D46DE8}") = "Core", "Core", "{F4E90701-81AA-497B-9CDE-4960B5E18285}"
EndProject
Project("{FAE04EC0-301F-11D3-BF4B-00C04F79EFBC}") = "WonderCircuits.ObjectModel.Domain", "WonderCircuits.ObjectModel.Domain\WonderCircuits.ObjectModel.Domain.csproj", "{AAA16445-FD38-4158-AEE3-E3BCD0D5C9B6}"
EndProject
Project("{2150E333-8FDC-42A3-9474-1A3956D46DE8}") = "Presentation", "Presentation", "{55E43BF3-C06E-42AA-80A6-DC32C85169F9}"
EndProject
Project("{FAE04EC0-301F-11D3-BF4B-00C04F79EFBC}") = "ConsoleApp1", "ConsoleApp1\ConsoleApp1.csproj", "{F985AFB0-55A9-4B03-8692-7A28E6B6A32C}"
EndProject
Project("{2150E333-8FDC-42A3-9474-1A3956D46DE8}") = "UnitTests", "UnitTests", "{A73C50E4-817C-440A-9F05-27BF60804E79}"
EndProject
Global
	GlobalSection(SolutionConfigurationPlatforms) = preSolution
		Debug|Any CPU = Debug|Any CPU
		Release|Any CPU = Release|Any CPU
	EndGlobalSection
	GlobalSection(ProjectConfigurationPlatforms) = postSolution
		{1B4ECCEB-AA71-4523-BDEC-A040FD819C94}.Debug|Any CPU.ActiveCfg = Debug|Any CPU
		{1B4ECCEB-AA71-4523-BDEC-A040FD819C94}.Debug|Any CPU.Build.0 = Debug|Any CPU
		{1B4ECCEB-AA71-4523-BDEC-A040FD819C94}.Release|Any CPU.ActiveCfg = Release|Any CPU
		{1B4ECCEB-AA71-4523-BDEC-A040FD819C94}.Release|Any CPU.Build.0 = Release|Any CPU
		{49A831C3-5AB1-45EC-BF05-3CE019EC6DBA}.Debug|Any CPU.ActiveCfg = Debug|Any CPU
		{49A831C3-5AB1-45EC-BF05-3CE019EC6DBA}.Debug|Any CPU.Build.0 = Debug|Any CPU
		{49A831C3-5AB1-45EC-BF05-3CE019EC6DBA}.Release|Any CPU.ActiveCfg = Release|Any CPU
		{49A831C3-5AB1-45EC-BF05-3CE019EC6DBA}.Release|Any CPU.Build.0 = Release|Any CPU
		{ABB4DC46-D2CE-4137-A29E-F1C7FD0EF7C3}.Debug|Any CPU.ActiveCfg = Debug|Any CPU
		{ABB4DC46-D2CE-4137-A29E-F1C7FD0EF7C3}.Debug|Any CPU.Build.0 = Debug|Any CPU
		{ABB4DC46-D2CE-4137-A29E-F1C7FD0EF7C3}.Release|Any CPU.ActiveCfg = Release|Any CPU
		{ABB4DC46-D2CE-4137-A29E-F1C7FD0EF7C3}.Release|Any CPU.Build.0 = Release|Any CPU
		{BBEBE6B8-D47E-4A3A-A5A5-68D05BF88838}.Debug|Any CPU.ActiveCfg = Debug|Any CPU
		{BBEBE6B8-D47E-4A3A-A5A5-68D05BF88838}.Debug|Any CPU.Build.0 = Debug|Any CPU
		{BBEBE6B8-D47E-4A3A-A5A5-68D05BF88838}.Release|Any CPU.ActiveCfg = Release|Any CPU
		{BBEBE6B8-D47E-4A3A-A5A5-68D05BF88838}.Release|Any CPU.Build.0 = Release|Any CPU
		{195EFED6-96C7-453F-8895-28878BC77293}.Debug|Any CPU.ActiveCfg = Debug|Any CPU
		{195EFED6-96C7-453F-8895-28878BC77293}.Debug|Any CPU.Build.0 = Debug|Any CPU
		{195EFED6-96C7-453F-8895-28878BC77293}.Release|Any CPU.ActiveCfg = Release|Any CPU
		{195EFED6-96C7-453F-8895-28878BC77293}.Release|Any CPU.Build.0 = Release|Any CPU
		{690CA2F6-711F-400D-BE05-5CA16734F22B}.Debug|Any CPU.ActiveCfg = Debug|Any CPU
		{690CA2F6-711F-400D-BE05-5CA16734F22B}.Debug|Any CPU.Build.0 = Debug|Any CPU
		{690CA2F6-711F-400D-BE05-5CA16734F22B}.Release|Any CPU.ActiveCfg = Release|Any CPU
		{690CA2F6-711F-400D-BE05-5CA16734F22B}.Release|Any CPU.Build.0 = Release|Any CPU
		{5A2F4EBC-8F86-41F6-82EA-B5E2F3D8F510}.Debug|Any CPU.ActiveCfg = Debug|Any CPU
		{5A2F4EBC-8F86-41F6-82EA-B5E2F3D8F510}.Debug|Any CPU.Build.0 = Debug|Any CPU
		{5A2F4EBC-8F86-41F6-82EA-B5E2F3D8F510}.Release|Any CPU.ActiveCfg = Release|Any CPU
		{5A2F4EBC-8F86-41F6-82EA-B5E2F3D8F510}.Release|Any CPU.Build.0 = Release|Any CPU
		{4D09E481-D87C-40AC-BE93-DA5708D3DA12}.Debug|Any CPU.ActiveCfg = Debug|Any CPU
		{4D09E481-D87C-40AC-BE93-DA5708D3DA12}.Debug|Any CPU.Build.0 = Debug|Any CPU
		{4D09E481-D87C-40AC-BE93-DA5708D3DA12}.Release|Any CPU.ActiveCfg = Release|Any CPU
		{4D09E481-D87C-40AC-BE93-DA5708D3DA12}.Release|Any CPU.Build.0 = Release|Any CPU
		{1978EBC5-B041-4FFB-BFD6-B1A6D017E51B}.Debug|Any CPU.ActiveCfg = Debug|Any CPU
		{1978EBC5-B041-4FFB-BFD6-B1A6D017E51B}.Debug|Any CPU.Build.0 = Debug|Any CPU
		{1978EBC5-B041-4FFB-BFD6-B1A6D017E51B}.Release|Any CPU.ActiveCfg = Release|Any CPU
		{1978EBC5-B041-4FFB-BFD6-B1A6D017E51B}.Release|Any CPU.Build.0 = Release|Any CPU
		{0AC7FF55-0D65-4C43-B031-0C79B1472525}.Debug|Any CPU.ActiveCfg = Debug|Any CPU
		{0AC7FF55-0D65-4C43-B031-0C79B1472525}.Debug|Any CPU.Build.0 = Debug|Any CPU
		{0AC7FF55-0D65-4C43-B031-0C79B1472525}.Release|Any CPU.ActiveCfg = Release|Any CPU
		{0AC7FF55-0D65-4C43-B031-0C79B1472525}.Release|Any CPU.Build.0 = Release|Any CPU
		{25C68DA7-8870-4940-A408-967914297435}.Debug|Any CPU.ActiveCfg = Debug|Any CPU
		{25C68DA7-8870-4940-A408-967914297435}.Debug|Any CPU.Build.0 = Debug|Any CPU
		{25C68DA7-8870-4940-A408-967914297435}.Release|Any CPU.ActiveCfg = Release|Any CPU
		{25C68DA7-8870-4940-A408-967914297435}.Release|Any CPU.Build.0 = Release|Any CPU
		{586AC71C-2213-448E-AEAE-1CDD042149E0}.Debug|Any CPU.ActiveCfg = Debug|Any CPU
		{586AC71C-2213-448E-AEAE-1CDD042149E0}.Debug|Any CPU.Build.0 = Debug|Any CPU
		{586AC71C-2213-448E-AEAE-1CDD042149E0}.Release|Any CPU.ActiveCfg = Release|Any CPU
		{586AC71C-2213-448E-AEAE-1CDD042149E0}.Release|Any CPU.Build.0 = Release|Any CPU
		{D21F72DD-7166-49BD-BA5A-D07C0DDBCBE0}.Debug|Any CPU.ActiveCfg = Debug|Any CPU
		{D21F72DD-7166-49BD-BA5A-D07C0DDBCBE0}.Debug|Any CPU.Build.0 = Debug|Any CPU
		{D21F72DD-7166-49BD-BA5A-D07C0DDBCBE0}.Release|Any CPU.ActiveCfg = Release|Any CPU
		{D21F72DD-7166-49BD-BA5A-D07C0DDBCBE0}.Release|Any CPU.Build.0 = Release|Any CPU
		{9B13B259-409C-4874-9364-77CD742FD8D7}.Debug|Any CPU.ActiveCfg = Debug|Any CPU
		{9B13B259-409C-4874-9364-77CD742FD8D7}.Debug|Any CPU.Build.0 = Debug|Any CPU
		{9B13B259-409C-4874-9364-77CD742FD8D7}.Release|Any CPU.ActiveCfg = Release|Any CPU
		{9B13B259-409C-4874-9364-77CD742FD8D7}.Release|Any CPU.Build.0 = Release|Any CPU
		{C2C28102-33A1-46AB-8C02-002AA78EC03C}.Debug|Any CPU.ActiveCfg = Debug|Any CPU
		{C2C28102-33A1-46AB-8C02-002AA78EC03C}.Debug|Any CPU.Build.0 = Debug|Any CPU
		{C2C28102-33A1-46AB-8C02-002AA78EC03C}.Release|Any CPU.ActiveCfg = Release|Any CPU
		{C2C28102-33A1-46AB-8C02-002AA78EC03C}.Release|Any CPU.Build.0 = Release|Any CPU
		{197096DF-C2A5-45F2-94BB-38AD4835BA2C}.Debug|Any CPU.ActiveCfg = Debug|Any CPU
		{197096DF-C2A5-45F2-94BB-38AD4835BA2C}.Debug|Any CPU.Build.0 = Debug|Any CPU
		{197096DF-C2A5-45F2-94BB-38AD4835BA2C}.Release|Any CPU.ActiveCfg = Release|Any CPU
		{197096DF-C2A5-45F2-94BB-38AD4835BA2C}.Release|Any CPU.Build.0 = Release|Any CPU
		{961F78CC-FAA7-4608-95FA-F90653E16558}.Debug|Any CPU.ActiveCfg = Debug|Any CPU
		{961F78CC-FAA7-4608-95FA-F90653E16558}.Debug|Any CPU.Build.0 = Debug|Any CPU
		{961F78CC-FAA7-4608-95FA-F90653E16558}.Release|Any CPU.ActiveCfg = Release|Any CPU
		{961F78CC-FAA7-4608-95FA-F90653E16558}.Release|Any CPU.Build.0 = Release|Any CPU
		{FE1BD773-144F-4E7D-80CF-FF4E3754FC37}.Debug|Any CPU.ActiveCfg = Debug|Any CPU
		{FE1BD773-144F-4E7D-80CF-FF4E3754FC37}.Debug|Any CPU.Build.0 = Debug|Any CPU
		{FE1BD773-144F-4E7D-80CF-FF4E3754FC37}.Release|Any CPU.ActiveCfg = Release|Any CPU
		{FE1BD773-144F-4E7D-80CF-FF4E3754FC37}.Release|Any CPU.Build.0 = Release|Any CPU
		{4D1479BB-1F5E-431A-BD6E-7E5582954C81}.Debug|Any CPU.ActiveCfg = Debug|Any CPU
		{4D1479BB-1F5E-431A-BD6E-7E5582954C81}.Debug|Any CPU.Build.0 = Debug|Any CPU
		{4D1479BB-1F5E-431A-BD6E-7E5582954C81}.Release|Any CPU.ActiveCfg = Release|Any CPU
		{4D1479BB-1F5E-431A-BD6E-7E5582954C81}.Release|Any CPU.Build.0 = Release|Any CPU
		{EA7EBE9E-64B3-4E10-95D2-F2D1D529B1C8}.Debug|Any CPU.ActiveCfg = Debug|Any CPU
		{EA7EBE9E-64B3-4E10-95D2-F2D1D529B1C8}.Debug|Any CPU.Build.0 = Debug|Any CPU
		{EA7EBE9E-64B3-4E10-95D2-F2D1D529B1C8}.Release|Any CPU.ActiveCfg = Release|Any CPU
		{EA7EBE9E-64B3-4E10-95D2-F2D1D529B1C8}.Release|Any CPU.Build.0 = Release|Any CPU
		{42D5A7DB-F2CA-417A-B64B-0DF86ED4934D}.Debug|Any CPU.ActiveCfg = Debug|Any CPU
		{42D5A7DB-F2CA-417A-B64B-0DF86ED4934D}.Debug|Any CPU.Build.0 = Debug|Any CPU
		{42D5A7DB-F2CA-417A-B64B-0DF86ED4934D}.Release|Any CPU.ActiveCfg = Release|Any CPU
		{42D5A7DB-F2CA-417A-B64B-0DF86ED4934D}.Release|Any CPU.Build.0 = Release|Any CPU
		{49EB48BE-4B98-4282-8FE3-4812455DA2A2}.Debug|Any CPU.ActiveCfg = Debug|Any CPU
		{49EB48BE-4B98-4282-8FE3-4812455DA2A2}.Debug|Any CPU.Build.0 = Debug|Any CPU
		{49EB48BE-4B98-4282-8FE3-4812455DA2A2}.Release|Any CPU.ActiveCfg = Release|Any CPU
		{49EB48BE-4B98-4282-8FE3-4812455DA2A2}.Release|Any CPU.Build.0 = Release|Any CPU
		{516F32A9-63D1-4B9D-B2BD-17CF41251BE4}.Debug|Any CPU.ActiveCfg = Debug|Any CPU
		{516F32A9-63D1-4B9D-B2BD-17CF41251BE4}.Debug|Any CPU.Build.0 = Debug|Any CPU
		{516F32A9-63D1-4B9D-B2BD-17CF41251BE4}.Release|Any CPU.ActiveCfg = Release|Any CPU
		{516F32A9-63D1-4B9D-B2BD-17CF41251BE4}.Release|Any CPU.Build.0 = Release|Any CPU
		{F76BDB01-61E9-4913-8DEB-DF657F220C62}.Debug|Any CPU.ActiveCfg = Debug|Any CPU
		{F76BDB01-61E9-4913-8DEB-DF657F220C62}.Debug|Any CPU.Build.0 = Debug|Any CPU
		{F76BDB01-61E9-4913-8DEB-DF657F220C62}.Release|Any CPU.ActiveCfg = Release|Any CPU
		{F76BDB01-61E9-4913-8DEB-DF657F220C62}.Release|Any CPU.Build.0 = Release|Any CPU
		{DD806051-ECB8-41DC-94ED-F6C1562C774F}.Debug|Any CPU.ActiveCfg = Debug|Any CPU
		{DD806051-ECB8-41DC-94ED-F6C1562C774F}.Debug|Any CPU.Build.0 = Debug|Any CPU
		{DD806051-ECB8-41DC-94ED-F6C1562C774F}.Release|Any CPU.ActiveCfg = Release|Any CPU
		{DD806051-ECB8-41DC-94ED-F6C1562C774F}.Release|Any CPU.Build.0 = Release|Any CPU
		{3415D810-DF93-4414-87A9-5934408C8433}.Debug|Any CPU.ActiveCfg = Debug|Any CPU
		{3415D810-DF93-4414-87A9-5934408C8433}.Debug|Any CPU.Build.0 = Debug|Any CPU
		{3415D810-DF93-4414-87A9-5934408C8433}.Release|Any CPU.ActiveCfg = Release|Any CPU
		{3415D810-DF93-4414-87A9-5934408C8433}.Release|Any CPU.Build.0 = Release|Any CPU
		{AAA16445-FD38-4158-AEE3-E3BCD0D5C9B6}.Debug|Any CPU.ActiveCfg = Debug|Any CPU
		{AAA16445-FD38-4158-AEE3-E3BCD0D5C9B6}.Debug|Any CPU.Build.0 = Debug|Any CPU
		{AAA16445-FD38-4158-AEE3-E3BCD0D5C9B6}.Release|Any CPU.ActiveCfg = Release|Any CPU
		{AAA16445-FD38-4158-AEE3-E3BCD0D5C9B6}.Release|Any CPU.Build.0 = Release|Any CPU
		{F985AFB0-55A9-4B03-8692-7A28E6B6A32C}.Debug|Any CPU.ActiveCfg = Debug|Any CPU
		{F985AFB0-55A9-4B03-8692-7A28E6B6A32C}.Debug|Any CPU.Build.0 = Debug|Any CPU
		{F985AFB0-55A9-4B03-8692-7A28E6B6A32C}.Release|Any CPU.ActiveCfg = Release|Any CPU
		{F985AFB0-55A9-4B03-8692-7A28E6B6A32C}.Release|Any CPU.Build.0 = Release|Any CPU
	EndGlobalSection
	GlobalSection(SolutionProperties) = preSolution
		HideSolutionNode = FALSE
	EndGlobalSection
	GlobalSection(NestedProjects) = preSolution
		{1B4ECCEB-AA71-4523-BDEC-A040FD819C94} = {504BA8B3-68CC-41F8-A80A-C7C4C484D746}
		{49A831C3-5AB1-45EC-BF05-3CE019EC6DBA} = {504BA8B3-68CC-41F8-A80A-C7C4C484D746}
		{ABB4DC46-D2CE-4137-A29E-F1C7FD0EF7C3} = {504BA8B3-68CC-41F8-A80A-C7C4C484D746}
		{BBEBE6B8-D47E-4A3A-A5A5-68D05BF88838} = {504BA8B3-68CC-41F8-A80A-C7C4C484D746}
		{195EFED6-96C7-453F-8895-28878BC77293} = {504BA8B3-68CC-41F8-A80A-C7C4C484D746}
		{690CA2F6-711F-400D-BE05-5CA16734F22B} = {504BA8B3-68CC-41F8-A80A-C7C4C484D746}
		{5A2F4EBC-8F86-41F6-82EA-B5E2F3D8F510} = {504BA8B3-68CC-41F8-A80A-C7C4C484D746}
		{4D09E481-D87C-40AC-BE93-DA5708D3DA12} = {504BA8B3-68CC-41F8-A80A-C7C4C484D746}
		{1978EBC5-B041-4FFB-BFD6-B1A6D017E51B} = {504BA8B3-68CC-41F8-A80A-C7C4C484D746}
		{0AC7FF55-0D65-4C43-B031-0C79B1472525} = {504BA8B3-68CC-41F8-A80A-C7C4C484D746}
		{25C68DA7-8870-4940-A408-967914297435} = {504BA8B3-68CC-41F8-A80A-C7C4C484D746}
		{586AC71C-2213-448E-AEAE-1CDD042149E0} = {504BA8B3-68CC-41F8-A80A-C7C4C484D746}
		{D21F72DD-7166-49BD-BA5A-D07C0DDBCBE0} = {504BA8B3-68CC-41F8-A80A-C7C4C484D746}
		{9B13B259-409C-4874-9364-77CD742FD8D7} = {504BA8B3-68CC-41F8-A80A-C7C4C484D746}
		{C2C28102-33A1-46AB-8C02-002AA78EC03C} = {504BA8B3-68CC-41F8-A80A-C7C4C484D746}
		{197096DF-C2A5-45F2-94BB-38AD4835BA2C} = {504BA8B3-68CC-41F8-A80A-C7C4C484D746}
		{961F78CC-FAA7-4608-95FA-F90653E16558} = {504BA8B3-68CC-41F8-A80A-C7C4C484D746}
		{FE1BD773-144F-4E7D-80CF-FF4E3754FC37} = {504BA8B3-68CC-41F8-A80A-C7C4C484D746}
		{4D1479BB-1F5E-431A-BD6E-7E5582954C81} = {504BA8B3-68CC-41F8-A80A-C7C4C484D746}
		{EA7EBE9E-64B3-4E10-95D2-F2D1D529B1C8} = {504BA8B3-68CC-41F8-A80A-C7C4C484D746}
		{42D5A7DB-F2CA-417A-B64B-0DF86ED4934D} = {504BA8B3-68CC-41F8-A80A-C7C4C484D746}
		{49EB48BE-4B98-4282-8FE3-4812455DA2A2} = {504BA8B3-68CC-41F8-A80A-C7C4C484D746}
		{516F32A9-63D1-4B9D-B2BD-17CF41251BE4} = {504BA8B3-68CC-41F8-A80A-C7C4C484D746}
		{F76BDB01-61E9-4913-8DEB-DF657F220C62} = {F34EC854-429C-4B90-9759-4E8908A0D563}
		{DD806051-ECB8-41DC-94ED-F6C1562C774F} = {F34EC854-429C-4B90-9759-4E8908A0D563}
		{F34EC854-429C-4B90-9759-4E8908A0D563} = {EA3E1025-0696-430C-A7A3-3C5782233DA0}
		{3415D810-DF93-4414-87A9-5934408C8433} = {F4E90701-81AA-497B-9CDE-4960B5E18285}
		{F4E90701-81AA-497B-9CDE-4960B5E18285} = {EA3E1025-0696-430C-A7A3-3C5782233DA0}
		{AAA16445-FD38-4158-AEE3-E3BCD0D5C9B6} = {504BA8B3-68CC-41F8-A80A-C7C4C484D746}
		{F985AFB0-55A9-4B03-8692-7A28E6B6A32C} = {A73C50E4-817C-440A-9F05-27BF60804E79}
	EndGlobalSection
	GlobalSection(ExtensibilityGlobals) = postSolution
		SolutionGuid = {28FDC059-A82B-4B46-9A51-D1104277368A}
	EndGlobalSection
EndGlobal
